// !$*UTF8*$!
{
	archiveVersion = 1;
	classes = {
	};
	objectVersion = 56;
	objects = {

/* Begin PBXBuildFile section */
		05811199E3415119925387C6 /* Pods_CICD_Learn_CICD_LearnUITests.framework in Frameworks */ = {isa = PBXBuildFile; fileRef = 9C6364AF4C51313222CF8397 /* Pods_CICD_Learn_CICD_LearnUITests.framework */; };
		1EB48534D764BED29F59A2C6 /* Pods_CICD_LearnTests.framework in Frameworks */ = {isa = PBXBuildFile; fileRef = 23CC55CEB9436D06E93FB492 /* Pods_CICD_LearnTests.framework */; };
		7C9A99C329D6955A00D3A150 /* AppDelegate.swift in Sources */ = {isa = PBXBuildFile; fileRef = 7C9A99C229D6955A00D3A150 /* AppDelegate.swift */; };
		7C9A99C529D6955A00D3A150 /* SceneDelegate.swift in Sources */ = {isa = PBXBuildFile; fileRef = 7C9A99C429D6955A00D3A150 /* SceneDelegate.swift */; };
		7C9A99C729D6955A00D3A150 /* ViewController.swift in Sources */ = {isa = PBXBuildFile; fileRef = 7C9A99C629D6955A00D3A150 /* ViewController.swift */; };
		7C9A99CA29D6955A00D3A150 /* Main.storyboard in Resources */ = {isa = PBXBuildFile; fileRef = 7C9A99C829D6955A00D3A150 /* Main.storyboard */; };
		7C9A99CC29D6955B00D3A150 /* Assets.xcassets in Resources */ = {isa = PBXBuildFile; fileRef = 7C9A99CB29D6955B00D3A150 /* Assets.xcassets */; };
		7C9A99CF29D6955B00D3A150 /* LaunchScreen.storyboard in Resources */ = {isa = PBXBuildFile; fileRef = 7C9A99CD29D6955B00D3A150 /* LaunchScreen.storyboard */; };
		7C9A99DA29D6955B00D3A150 /* CICD_LearnTests.swift in Sources */ = {isa = PBXBuildFile; fileRef = 7C9A99D929D6955B00D3A150 /* CICD_LearnTests.swift */; };
		7C9A99E429D6955B00D3A150 /* CICD_LearnUITests.swift in Sources */ = {isa = PBXBuildFile; fileRef = 7C9A99E329D6955B00D3A150 /* CICD_LearnUITests.swift */; };
		7C9A99E629D6955B00D3A150 /* CICD_LearnUITestsLaunchTests.swift in Sources */ = {isa = PBXBuildFile; fileRef = 7C9A99E529D6955B00D3A150 /* CICD_LearnUITestsLaunchTests.swift */; };
		CB04733F449927125E2C920E /* Pods_CICD_Learn.framework in Frameworks */ = {isa = PBXBuildFile; fileRef = 32E081CCB575C286353F43CB /* Pods_CICD_Learn.framework */; };
/* End PBXBuildFile section */

/* Begin PBXContainerItemProxy section */
		7C9A99D629D6955B00D3A150 /* PBXContainerItemProxy */ = {
			isa = PBXContainerItemProxy;
			containerPortal = 7C9A99B729D6955A00D3A150 /* Project object */;
			proxyType = 1;
			remoteGlobalIDString = 7C9A99BE29D6955A00D3A150;
			remoteInfo = CICD_Learn;
		};
		7C9A99E029D6955B00D3A150 /* PBXContainerItemProxy */ = {
			isa = PBXContainerItemProxy;
			containerPortal = 7C9A99B729D6955A00D3A150 /* Project object */;
			proxyType = 1;
			remoteGlobalIDString = 7C9A99BE29D6955A00D3A150;
			remoteInfo = CICD_Learn;
		};
/* End PBXContainerItemProxy section */

/* Begin PBXFileReference section */
		23CC55CEB9436D06E93FB492 /* Pods_CICD_LearnTests.framework */ = {isa = PBXFileReference; explicitFileType = wrapper.framework; includeInIndex = 0; path = Pods_CICD_LearnTests.framework; sourceTree = BUILT_PRODUCTS_DIR; };
		32E081CCB575C286353F43CB /* Pods_CICD_Learn.framework */ = {isa = PBXFileReference; explicitFileType = wrapper.framework; includeInIndex = 0; path = Pods_CICD_Learn.framework; sourceTree = BUILT_PRODUCTS_DIR; };
		3C585D3FA90AEDAFE4C6D02C /* Pods-CICD_Learn-CICD_LearnUITests.release.xcconfig */ = {isa = PBXFileReference; includeInIndex = 1; lastKnownFileType = text.xcconfig; name = "Pods-CICD_Learn-CICD_LearnUITests.release.xcconfig"; path = "Target Support Files/Pods-CICD_Learn-CICD_LearnUITests/Pods-CICD_Learn-CICD_LearnUITests.release.xcconfig"; sourceTree = "<group>"; };
		4BEA2159DB0EC6180C6F1544 /* Pods-CICD_Learn.release.xcconfig */ = {isa = PBXFileReference; includeInIndex = 1; lastKnownFileType = text.xcconfig; name = "Pods-CICD_Learn.release.xcconfig"; path = "Target Support Files/Pods-CICD_Learn/Pods-CICD_Learn.release.xcconfig"; sourceTree = "<group>"; };
		68511DAB575B54A20D05E10B /* Pods-CICD_Learn.debug.xcconfig */ = {isa = PBXFileReference; includeInIndex = 1; lastKnownFileType = text.xcconfig; name = "Pods-CICD_Learn.debug.xcconfig"; path = "Target Support Files/Pods-CICD_Learn/Pods-CICD_Learn.debug.xcconfig"; sourceTree = "<group>"; };
		7C9A99BF29D6955A00D3A150 /* CICD_Learn.app */ = {isa = PBXFileReference; explicitFileType = wrapper.application; includeInIndex = 0; path = CICD_Learn.app; sourceTree = BUILT_PRODUCTS_DIR; };
		7C9A99C229D6955A00D3A150 /* AppDelegate.swift */ = {isa = PBXFileReference; lastKnownFileType = sourcecode.swift; path = AppDelegate.swift; sourceTree = "<group>"; };
		7C9A99C429D6955A00D3A150 /* SceneDelegate.swift */ = {isa = PBXFileReference; lastKnownFileType = sourcecode.swift; path = SceneDelegate.swift; sourceTree = "<group>"; };
		7C9A99C629D6955A00D3A150 /* ViewController.swift */ = {isa = PBXFileReference; lastKnownFileType = sourcecode.swift; path = ViewController.swift; sourceTree = "<group>"; };
		7C9A99C929D6955A00D3A150 /* Base */ = {isa = PBXFileReference; lastKnownFileType = file.storyboard; name = Base; path = Base.lproj/Main.storyboard; sourceTree = "<group>"; };
		7C9A99CB29D6955B00D3A150 /* Assets.xcassets */ = {isa = PBXFileReference; lastKnownFileType = folder.assetcatalog; path = Assets.xcassets; sourceTree = "<group>"; };
		7C9A99CE29D6955B00D3A150 /* Base */ = {isa = PBXFileReference; lastKnownFileType = file.storyboard; name = Base; path = Base.lproj/LaunchScreen.storyboard; sourceTree = "<group>"; };
		7C9A99D029D6955B00D3A150 /* Info.plist */ = {isa = PBXFileReference; lastKnownFileType = text.plist.xml; path = Info.plist; sourceTree = "<group>"; };
		7C9A99D529D6955B00D3A150 /* CICD_LearnTests.xctest */ = {isa = PBXFileReference; explicitFileType = wrapper.cfbundle; includeInIndex = 0; path = CICD_LearnTests.xctest; sourceTree = BUILT_PRODUCTS_DIR; };
		7C9A99D929D6955B00D3A150 /* CICD_LearnTests.swift */ = {isa = PBXFileReference; lastKnownFileType = sourcecode.swift; path = CICD_LearnTests.swift; sourceTree = "<group>"; };
		7C9A99DF29D6955B00D3A150 /* CICD_LearnUITests.xctest */ = {isa = PBXFileReference; explicitFileType = wrapper.cfbundle; includeInIndex = 0; path = CICD_LearnUITests.xctest; sourceTree = BUILT_PRODUCTS_DIR; };
		7C9A99E329D6955B00D3A150 /* CICD_LearnUITests.swift */ = {isa = PBXFileReference; lastKnownFileType = sourcecode.swift; path = CICD_LearnUITests.swift; sourceTree = "<group>"; };
		7C9A99E529D6955B00D3A150 /* CICD_LearnUITestsLaunchTests.swift */ = {isa = PBXFileReference; lastKnownFileType = sourcecode.swift; path = CICD_LearnUITestsLaunchTests.swift; sourceTree = "<group>"; };
		880CFF66034A1384EFE78EB8 /* Pods-CICD_Learn-CICD_LearnUITests.debug.xcconfig */ = {isa = PBXFileReference; includeInIndex = 1; lastKnownFileType = text.xcconfig; name = "Pods-CICD_Learn-CICD_LearnUITests.debug.xcconfig"; path = "Target Support Files/Pods-CICD_Learn-CICD_LearnUITests/Pods-CICD_Learn-CICD_LearnUITests.debug.xcconfig"; sourceTree = "<group>"; };
		9C6364AF4C51313222CF8397 /* Pods_CICD_Learn_CICD_LearnUITests.framework */ = {isa = PBXFileReference; explicitFileType = wrapper.framework; includeInIndex = 0; path = Pods_CICD_Learn_CICD_LearnUITests.framework; sourceTree = BUILT_PRODUCTS_DIR; };
		AD271BC64A497E392BA3E6A2 /* Pods-CICD_LearnTests.debug.xcconfig */ = {isa = PBXFileReference; includeInIndex = 1; lastKnownFileType = text.xcconfig; name = "Pods-CICD_LearnTests.debug.xcconfig"; path = "Target Support Files/Pods-CICD_LearnTests/Pods-CICD_LearnTests.debug.xcconfig"; sourceTree = "<group>"; };
		EB0CD8E638F15024EBD8443B /* Pods-CICD_LearnTests.release.xcconfig */ = {isa = PBXFileReference; includeInIndex = 1; lastKnownFileType = text.xcconfig; name = "Pods-CICD_LearnTests.release.xcconfig"; path = "Target Support Files/Pods-CICD_LearnTests/Pods-CICD_LearnTests.release.xcconfig"; sourceTree = "<group>"; };
/* End PBXFileReference section */

/* Begin PBXFrameworksBuildPhase section */
		7C9A99BC29D6955A00D3A150 /* Frameworks */ = {
			isa = PBXFrameworksBuildPhase;
			buildActionMask = 2147483647;
			files = (
				CB04733F449927125E2C920E /* Pods_CICD_Learn.framework in Frameworks */,
			);
			runOnlyForDeploymentPostprocessing = 0;
		};
		7C9A99D229D6955B00D3A150 /* Frameworks */ = {
			isa = PBXFrameworksBuildPhase;
			buildActionMask = 2147483647;
			files = (
				1EB48534D764BED29F59A2C6 /* Pods_CICD_LearnTests.framework in Frameworks */,
			);
			runOnlyForDeploymentPostprocessing = 0;
		};
		7C9A99DC29D6955B00D3A150 /* Frameworks */ = {
			isa = PBXFrameworksBuildPhase;
			buildActionMask = 2147483647;
			files = (
				05811199E3415119925387C6 /* Pods_CICD_Learn_CICD_LearnUITests.framework in Frameworks */,
			);
			runOnlyForDeploymentPostprocessing = 0;
		};
/* End PBXFrameworksBuildPhase section */

/* Begin PBXGroup section */
		106A849B3DA489838255F235 /* Pods */ = {
			isa = PBXGroup;
			children = (
				68511DAB575B54A20D05E10B /* Pods-CICD_Learn.debug.xcconfig */,
				4BEA2159DB0EC6180C6F1544 /* Pods-CICD_Learn.release.xcconfig */,
				880CFF66034A1384EFE78EB8 /* Pods-CICD_Learn-CICD_LearnUITests.debug.xcconfig */,
				3C585D3FA90AEDAFE4C6D02C /* Pods-CICD_Learn-CICD_LearnUITests.release.xcconfig */,
				AD271BC64A497E392BA3E6A2 /* Pods-CICD_LearnTests.debug.xcconfig */,
				EB0CD8E638F15024EBD8443B /* Pods-CICD_LearnTests.release.xcconfig */,
			);
			name = Pods;
			path = Pods;
			sourceTree = "<group>";
		};
		7C9A99B629D6955A00D3A150 = {
			isa = PBXGroup;
			children = (
				7C9A99C129D6955A00D3A150 /* CICD_Learn */,
				7C9A99D829D6955B00D3A150 /* CICD_LearnTests */,
				7C9A99E229D6955B00D3A150 /* CICD_LearnUITests */,
				7C9A99C029D6955A00D3A150 /* Products */,
				106A849B3DA489838255F235 /* Pods */,
				FD68A09B5B5A58818EE171FC /* Frameworks */,
			);
			sourceTree = "<group>";
		};
		7C9A99C029D6955A00D3A150 /* Products */ = {
			isa = PBXGroup;
			children = (
				7C9A99BF29D6955A00D3A150 /* CICD_Learn.app */,
				7C9A99D529D6955B00D3A150 /* CICD_LearnTests.xctest */,
				7C9A99DF29D6955B00D3A150 /* CICD_LearnUITests.xctest */,
			);
			name = Products;
			sourceTree = "<group>";
		};
		7C9A99C129D6955A00D3A150 /* CICD_Learn */ = {
			isa = PBXGroup;
			children = (
				7C9A99C229D6955A00D3A150 /* AppDelegate.swift */,
				7C9A99C429D6955A00D3A150 /* SceneDelegate.swift */,
				7C9A99C629D6955A00D3A150 /* ViewController.swift */,
				7C9A99C829D6955A00D3A150 /* Main.storyboard */,
				7C9A99CB29D6955B00D3A150 /* Assets.xcassets */,
				7C9A99CD29D6955B00D3A150 /* LaunchScreen.storyboard */,
				7C9A99D029D6955B00D3A150 /* Info.plist */,
			);
			path = CICD_Learn;
			sourceTree = "<group>";
		};
		7C9A99D829D6955B00D3A150 /* CICD_LearnTests */ = {
			isa = PBXGroup;
			children = (
				7C9A99D929D6955B00D3A150 /* CICD_LearnTests.swift */,
			);
			path = CICD_LearnTests;
			sourceTree = "<group>";
		};
		7C9A99E229D6955B00D3A150 /* CICD_LearnUITests */ = {
			isa = PBXGroup;
			children = (
				7C9A99E329D6955B00D3A150 /* CICD_LearnUITests.swift */,
				7C9A99E529D6955B00D3A150 /* CICD_LearnUITestsLaunchTests.swift */,
			);
			path = CICD_LearnUITests;
			sourceTree = "<group>";
		};
		FD68A09B5B5A58818EE171FC /* Frameworks */ = {
			isa = PBXGroup;
			children = (
				32E081CCB575C286353F43CB /* Pods_CICD_Learn.framework */,
				9C6364AF4C51313222CF8397 /* Pods_CICD_Learn_CICD_LearnUITests.framework */,
				23CC55CEB9436D06E93FB492 /* Pods_CICD_LearnTests.framework */,
			);
			name = Frameworks;
			sourceTree = "<group>";
		};
/* End PBXGroup section */

/* Begin PBXNativeTarget section */
		7C9A99BE29D6955A00D3A150 /* CICD_Learn */ = {
			isa = PBXNativeTarget;
			buildConfigurationList = 7C9A99E929D6955B00D3A150 /* Build configuration list for PBXNativeTarget "CICD_Learn" */;
			buildPhases = (
				785B5AF1CEF7863119B664A6 /* [CP] Check Pods Manifest.lock */,
				7C9A99BB29D6955A00D3A150 /* Sources */,
				7C9A99BC29D6955A00D3A150 /* Frameworks */,
				7C9A99BD29D6955A00D3A150 /* Resources */,
			);
			buildRules = (
			);
			dependencies = (
			);
			name = CICD_Learn;
			productName = CICD_Learn;
			productReference = 7C9A99BF29D6955A00D3A150 /* CICD_Learn.app */;
			productType = "com.apple.product-type.application";
		};
		7C9A99D429D6955B00D3A150 /* CICD_LearnTests */ = {
			isa = PBXNativeTarget;
			buildConfigurationList = 7C9A99EC29D6955B00D3A150 /* Build configuration list for PBXNativeTarget "CICD_LearnTests" */;
			buildPhases = (
				E0E721F01F92A74D098D9132 /* [CP] Check Pods Manifest.lock */,
				7C9A99D129D6955B00D3A150 /* Sources */,
				7C9A99D229D6955B00D3A150 /* Frameworks */,
				7C9A99D329D6955B00D3A150 /* Resources */,
			);
			buildRules = (
			);
			dependencies = (
				7C9A99D729D6955B00D3A150 /* PBXTargetDependency */,
			);
			name = CICD_LearnTests;
			productName = CICD_LearnTests;
			productReference = 7C9A99D529D6955B00D3A150 /* CICD_LearnTests.xctest */;
			productType = "com.apple.product-type.bundle.unit-test";
		};
		7C9A99DE29D6955B00D3A150 /* CICD_LearnUITests */ = {
			isa = PBXNativeTarget;
			buildConfigurationList = 7C9A99EF29D6955B00D3A150 /* Build configuration list for PBXNativeTarget "CICD_LearnUITests" */;
			buildPhases = (
				ECA44376F69780E29A91B59E /* [CP] Check Pods Manifest.lock */,
				7C9A99DB29D6955B00D3A150 /* Sources */,
				7C9A99DC29D6955B00D3A150 /* Frameworks */,
				7C9A99DD29D6955B00D3A150 /* Resources */,
			);
			buildRules = (
			);
			dependencies = (
				7C9A99E129D6955B00D3A150 /* PBXTargetDependency */,
			);
			name = CICD_LearnUITests;
			productName = CICD_LearnUITests;
			productReference = 7C9A99DF29D6955B00D3A150 /* CICD_LearnUITests.xctest */;
			productType = "com.apple.product-type.bundle.ui-testing";
		};
/* End PBXNativeTarget section */

/* Begin PBXProject section */
		7C9A99B729D6955A00D3A150 /* Project object */ = {
			isa = PBXProject;
			attributes = {
				BuildIndependentTargetsInParallel = 1;
				LastSwiftUpdateCheck = 1400;
				LastUpgradeCheck = 1400;
				TargetAttributes = {
					7C9A99BE29D6955A00D3A150 = {
						CreatedOnToolsVersion = 14.0.1;
					};
					7C9A99D429D6955B00D3A150 = {
						CreatedOnToolsVersion = 14.0.1;
						TestTargetID = 7C9A99BE29D6955A00D3A150;
					};
					7C9A99DE29D6955B00D3A150 = {
						CreatedOnToolsVersion = 14.0.1;
						TestTargetID = 7C9A99BE29D6955A00D3A150;
					};
				};
			};
			buildConfigurationList = 7C9A99BA29D6955A00D3A150 /* Build configuration list for PBXProject "CICD_Learn" */;
			compatibilityVersion = "Xcode 14.0";
			developmentRegion = en;
			hasScannedForEncodings = 0;
			knownRegions = (
				en,
				Base,
			);
			mainGroup = 7C9A99B629D6955A00D3A150;
			productRefGroup = 7C9A99C029D6955A00D3A150 /* Products */;
			projectDirPath = "";
			projectRoot = "";
			targets = (
				7C9A99BE29D6955A00D3A150 /* CICD_Learn */,
				7C9A99D429D6955B00D3A150 /* CICD_LearnTests */,
				7C9A99DE29D6955B00D3A150 /* CICD_LearnUITests */,
			);
		};
/* End PBXProject section */

/* Begin PBXResourcesBuildPhase section */
		7C9A99BD29D6955A00D3A150 /* Resources */ = {
			isa = PBXResourcesBuildPhase;
			buildActionMask = 2147483647;
			files = (
				7C9A99CF29D6955B00D3A150 /* LaunchScreen.storyboard in Resources */,
				7C9A99CC29D6955B00D3A150 /* Assets.xcassets in Resources */,
				7C9A99CA29D6955A00D3A150 /* Main.storyboard in Resources */,
			);
			runOnlyForDeploymentPostprocessing = 0;
		};
		7C9A99D329D6955B00D3A150 /* Resources */ = {
			isa = PBXResourcesBuildPhase;
			buildActionMask = 2147483647;
			files = (
			);
			runOnlyForDeploymentPostprocessing = 0;
		};
		7C9A99DD29D6955B00D3A150 /* Resources */ = {
			isa = PBXResourcesBuildPhase;
			buildActionMask = 2147483647;
			files = (
			);
			runOnlyForDeploymentPostprocessing = 0;
		};
/* End PBXResourcesBuildPhase section */

/* Begin PBXShellScriptBuildPhase section */
		785B5AF1CEF7863119B664A6 /* [CP] Check Pods Manifest.lock */ = {
			isa = PBXShellScriptBuildPhase;
			buildActionMask = 2147483647;
			files = (
			);
			inputFileListPaths = (
			);
			inputPaths = (
				"${PODS_PODFILE_DIR_PATH}/Podfile.lock",
				"${PODS_ROOT}/Manifest.lock",
			);
			name = "[CP] Check Pods Manifest.lock";
			outputFileListPaths = (
			);
			outputPaths = (
				"$(DERIVED_FILE_DIR)/Pods-CICD_Learn-checkManifestLockResult.txt",
			);
			runOnlyForDeploymentPostprocessing = 0;
			shellPath = /bin/sh;
			shellScript = "diff \"${PODS_PODFILE_DIR_PATH}/Podfile.lock\" \"${PODS_ROOT}/Manifest.lock\" > /dev/null\nif [ $? != 0 ] ; then\n    # print error to STDERR\n    echo \"error: The sandbox is not in sync with the Podfile.lock. Run 'pod install' or update your CocoaPods installation.\" >&2\n    exit 1\nfi\n# This output is used by Xcode 'outputs' to avoid re-running this script phase.\necho \"SUCCESS\" > \"${SCRIPT_OUTPUT_FILE_0}\"\n";
			showEnvVarsInLog = 0;
		};
		E0E721F01F92A74D098D9132 /* [CP] Check Pods Manifest.lock */ = {
			isa = PBXShellScriptBuildPhase;
			buildActionMask = 2147483647;
			files = (
			);
			inputFileListPaths = (
			);
			inputPaths = (
				"${PODS_PODFILE_DIR_PATH}/Podfile.lock",
				"${PODS_ROOT}/Manifest.lock",
			);
			name = "[CP] Check Pods Manifest.lock";
			outputFileListPaths = (
			);
			outputPaths = (
				"$(DERIVED_FILE_DIR)/Pods-CICD_LearnTests-checkManifestLockResult.txt",
			);
			runOnlyForDeploymentPostprocessing = 0;
			shellPath = /bin/sh;
			shellScript = "diff \"${PODS_PODFILE_DIR_PATH}/Podfile.lock\" \"${PODS_ROOT}/Manifest.lock\" > /dev/null\nif [ $? != 0 ] ; then\n    # print error to STDERR\n    echo \"error: The sandbox is not in sync with the Podfile.lock. Run 'pod install' or update your CocoaPods installation.\" >&2\n    exit 1\nfi\n# This output is used by Xcode 'outputs' to avoid re-running this script phase.\necho \"SUCCESS\" > \"${SCRIPT_OUTPUT_FILE_0}\"\n";
			showEnvVarsInLog = 0;
		};
		ECA44376F69780E29A91B59E /* [CP] Check Pods Manifest.lock */ = {
			isa = PBXShellScriptBuildPhase;
			buildActionMask = 2147483647;
			files = (
			);
			inputFileListPaths = (
			);
			inputPaths = (
				"${PODS_PODFILE_DIR_PATH}/Podfile.lock",
				"${PODS_ROOT}/Manifest.lock",
			);
			name = "[CP] Check Pods Manifest.lock";
			outputFileListPaths = (
			);
			outputPaths = (
				"$(DERIVED_FILE_DIR)/Pods-CICD_Learn-CICD_LearnUITests-checkManifestLockResult.txt",
			);
			runOnlyForDeploymentPostprocessing = 0;
			shellPath = /bin/sh;
			shellScript = "diff \"${PODS_PODFILE_DIR_PATH}/Podfile.lock\" \"${PODS_ROOT}/Manifest.lock\" > /dev/null\nif [ $? != 0 ] ; then\n    # print error to STDERR\n    echo \"error: The sandbox is not in sync with the Podfile.lock. Run 'pod install' or update your CocoaPods installation.\" >&2\n    exit 1\nfi\n# This output is used by Xcode 'outputs' to avoid re-running this script phase.\necho \"SUCCESS\" > \"${SCRIPT_OUTPUT_FILE_0}\"\n";
			showEnvVarsInLog = 0;
		};
/* End PBXShellScriptBuildPhase section */

/* Begin PBXSourcesBuildPhase section */
		7C9A99BB29D6955A00D3A150 /* Sources */ = {
			isa = PBXSourcesBuildPhase;
			buildActionMask = 2147483647;
			files = (
				7C9A99C729D6955A00D3A150 /* ViewController.swift in Sources */,
				7C9A99C329D6955A00D3A150 /* AppDelegate.swift in Sources */,
				7C9A99C529D6955A00D3A150 /* SceneDelegate.swift in Sources */,
			);
			runOnlyForDeploymentPostprocessing = 0;
		};
		7C9A99D129D6955B00D3A150 /* Sources */ = {
			isa = PBXSourcesBuildPhase;
			buildActionMask = 2147483647;
			files = (
				7C9A99DA29D6955B00D3A150 /* CICD_LearnTests.swift in Sources */,
			);
			runOnlyForDeploymentPostprocessing = 0;
		};
		7C9A99DB29D6955B00D3A150 /* Sources */ = {
			isa = PBXSourcesBuildPhase;
			buildActionMask = 2147483647;
			files = (
				7C9A99E629D6955B00D3A150 /* CICD_LearnUITestsLaunchTests.swift in Sources */,
				7C9A99E429D6955B00D3A150 /* CICD_LearnUITests.swift in Sources */,
			);
			runOnlyForDeploymentPostprocessing = 0;
		};
/* End PBXSourcesBuildPhase section */

/* Begin PBXTargetDependency section */
		7C9A99D729D6955B00D3A150 /* PBXTargetDependency */ = {
			isa = PBXTargetDependency;
			target = 7C9A99BE29D6955A00D3A150 /* CICD_Learn */;
			targetProxy = 7C9A99D629D6955B00D3A150 /* PBXContainerItemProxy */;
		};
		7C9A99E129D6955B00D3A150 /* PBXTargetDependency */ = {
			isa = PBXTargetDependency;
			target = 7C9A99BE29D6955A00D3A150 /* CICD_Learn */;
			targetProxy = 7C9A99E029D6955B00D3A150 /* PBXContainerItemProxy */;
		};
/* End PBXTargetDependency section */

/* Begin PBXVariantGroup section */
		7C9A99C829D6955A00D3A150 /* Main.storyboard */ = {
			isa = PBXVariantGroup;
			children = (
				7C9A99C929D6955A00D3A150 /* Base */,
			);
			name = Main.storyboard;
			sourceTree = "<group>";
		};
		7C9A99CD29D6955B00D3A150 /* LaunchScreen.storyboard */ = {
			isa = PBXVariantGroup;
			children = (
				7C9A99CE29D6955B00D3A150 /* Base */,
			);
			name = LaunchScreen.storyboard;
			sourceTree = "<group>";
		};
/* End PBXVariantGroup section */

/* Begin XCBuildConfiguration section */
		7C9A99E729D6955B00D3A150 /* Debug */ = {
			isa = XCBuildConfiguration;
			buildSettings = {
				ALWAYS_SEARCH_USER_PATHS = NO;
				CLANG_ANALYZER_NONNULL = YES;
				CLANG_ANALYZER_NUMBER_OBJECT_CONVERSION = YES_AGGRESSIVE;
				CLANG_CXX_LANGUAGE_STANDARD = "gnu++20";
				CLANG_ENABLE_MODULES = YES;
				CLANG_ENABLE_OBJC_ARC = YES;
				CLANG_ENABLE_OBJC_WEAK = YES;
				CLANG_WARN_BLOCK_CAPTURE_AUTORELEASING = YES;
				CLANG_WARN_BOOL_CONVERSION = YES;
				CLANG_WARN_COMMA = YES;
				CLANG_WARN_CONSTANT_CONVERSION = YES;
				CLANG_WARN_DEPRECATED_OBJC_IMPLEMENTATIONS = YES;
				CLANG_WARN_DIRECT_OBJC_ISA_USAGE = YES_ERROR;
				CLANG_WARN_DOCUMENTATION_COMMENTS = YES;
				CLANG_WARN_EMPTY_BODY = YES;
				CLANG_WARN_ENUM_CONVERSION = YES;
				CLANG_WARN_INFINITE_RECURSION = YES;
				CLANG_WARN_INT_CONVERSION = YES;
				CLANG_WARN_NON_LITERAL_NULL_CONVERSION = YES;
				CLANG_WARN_OBJC_IMPLICIT_RETAIN_SELF = YES;
				CLANG_WARN_OBJC_LITERAL_CONVERSION = YES;
				CLANG_WARN_OBJC_ROOT_CLASS = YES_ERROR;
				CLANG_WARN_QUOTED_INCLUDE_IN_FRAMEWORK_HEADER = YES;
				CLANG_WARN_RANGE_LOOP_ANALYSIS = YES;
				CLANG_WARN_STRICT_PROTOTYPES = YES;
				CLANG_WARN_SUSPICIOUS_MOVE = YES;
				CLANG_WARN_UNGUARDED_AVAILABILITY = YES_AGGRESSIVE;
				CLANG_WARN_UNREACHABLE_CODE = YES;
				CLANG_WARN__DUPLICATE_METHOD_MATCH = YES;
				COPY_PHASE_STRIP = NO;
				DEBUG_INFORMATION_FORMAT = dwarf;
				ENABLE_STRICT_OBJC_MSGSEND = YES;
				ENABLE_TESTABILITY = YES;
				GCC_C_LANGUAGE_STANDARD = gnu11;
				GCC_DYNAMIC_NO_PIC = NO;
				GCC_NO_COMMON_BLOCKS = YES;
				GCC_OPTIMIZATION_LEVEL = 0;
				GCC_PREPROCESSOR_DEFINITIONS = (
					"DEBUG=1",
					"$(inherited)",
				);
				GCC_WARN_64_TO_32_BIT_CONVERSION = YES;
				GCC_WARN_ABOUT_RETURN_TYPE = YES_ERROR;
				GCC_WARN_UNDECLARED_SELECTOR = YES;
				GCC_WARN_UNINITIALIZED_AUTOS = YES_AGGRESSIVE;
				GCC_WARN_UNUSED_FUNCTION = YES;
				GCC_WARN_UNUSED_VARIABLE = YES;
				IPHONEOS_DEPLOYMENT_TARGET = 16.0;
				MTL_ENABLE_DEBUG_INFO = INCLUDE_SOURCE;
				MTL_FAST_MATH = YES;
				ONLY_ACTIVE_ARCH = YES;
				SDKROOT = iphoneos;
				SWIFT_ACTIVE_COMPILATION_CONDITIONS = DEBUG;
				SWIFT_OPTIMIZATION_LEVEL = "-Onone";
			};
			name = Debug;
		};
		7C9A99E829D6955B00D3A150 /* Release */ = {
			isa = XCBuildConfiguration;
			buildSettings = {
				ALWAYS_SEARCH_USER_PATHS = NO;
				CLANG_ANALYZER_NONNULL = YES;
				CLANG_ANALYZER_NUMBER_OBJECT_CONVERSION = YES_AGGRESSIVE;
				CLANG_CXX_LANGUAGE_STANDARD = "gnu++20";
				CLANG_ENABLE_MODULES = YES;
				CLANG_ENABLE_OBJC_ARC = YES;
				CLANG_ENABLE_OBJC_WEAK = YES;
				CLANG_WARN_BLOCK_CAPTURE_AUTORELEASING = YES;
				CLANG_WARN_BOOL_CONVERSION = YES;
				CLANG_WARN_COMMA = YES;
				CLANG_WARN_CONSTANT_CONVERSION = YES;
				CLANG_WARN_DEPRECATED_OBJC_IMPLEMENTATIONS = YES;
				CLANG_WARN_DIRECT_OBJC_ISA_USAGE = YES_ERROR;
				CLANG_WARN_DOCUMENTATION_COMMENTS = YES;
				CLANG_WARN_EMPTY_BODY = YES;
				CLANG_WARN_ENUM_CONVERSION = YES;
				CLANG_WARN_INFINITE_RECURSION = YES;
				CLANG_WARN_INT_CONVERSION = YES;
				CLANG_WARN_NON_LITERAL_NULL_CONVERSION = YES;
				CLANG_WARN_OBJC_IMPLICIT_RETAIN_SELF = YES;
				CLANG_WARN_OBJC_LITERAL_CONVERSION = YES;
				CLANG_WARN_OBJC_ROOT_CLASS = YES_ERROR;
				CLANG_WARN_QUOTED_INCLUDE_IN_FRAMEWORK_HEADER = YES;
				CLANG_WARN_RANGE_LOOP_ANALYSIS = YES;
				CLANG_WARN_STRICT_PROTOTYPES = YES;
				CLANG_WARN_SUSPICIOUS_MOVE = YES;
				CLANG_WARN_UNGUARDED_AVAILABILITY = YES_AGGRESSIVE;
				CLANG_WARN_UNREACHABLE_CODE = YES;
				CLANG_WARN__DUPLICATE_METHOD_MATCH = YES;
				COPY_PHASE_STRIP = NO;
				DEBUG_INFORMATION_FORMAT = "dwarf-with-dsym";
				ENABLE_NS_ASSERTIONS = NO;
				ENABLE_STRICT_OBJC_MSGSEND = YES;
				GCC_C_LANGUAGE_STANDARD = gnu11;
				GCC_NO_COMMON_BLOCKS = YES;
				GCC_WARN_64_TO_32_BIT_CONVERSION = YES;
				GCC_WARN_ABOUT_RETURN_TYPE = YES_ERROR;
				GCC_WARN_UNDECLARED_SELECTOR = YES;
				GCC_WARN_UNINITIALIZED_AUTOS = YES_AGGRESSIVE;
				GCC_WARN_UNUSED_FUNCTION = YES;
				GCC_WARN_UNUSED_VARIABLE = YES;
				IPHONEOS_DEPLOYMENT_TARGET = 16.0;
				MTL_ENABLE_DEBUG_INFO = NO;
				MTL_FAST_MATH = YES;
				SDKROOT = iphoneos;
				SWIFT_COMPILATION_MODE = wholemodule;
				SWIFT_OPTIMIZATION_LEVEL = "-O";
				VALIDATE_PRODUCT = YES;
			};
			name = Release;
		};
		7C9A99EA29D6955B00D3A150 /* Debug */ = {
			isa = XCBuildConfiguration;
			baseConfigurationReference = 68511DAB575B54A20D05E10B /* Pods-CICD_Learn.debug.xcconfig */;
			buildSettings = {
				ASSETCATALOG_COMPILER_APPICON_NAME = AppIcon;
				ASSETCATALOG_COMPILER_GLOBAL_ACCENT_COLOR_NAME = AccentColor;
				CODE_SIGN_STYLE = Automatic;
				CURRENT_PROJECT_VERSION = 1;
				DEVELOPMENT_TEAM = Z38Z99NKQG;
				GENERATE_INFOPLIST_FILE = YES;
				INFOPLIST_FILE = CICD_Learn/Info.plist;
				INFOPLIST_KEY_UIApplicationSupportsIndirectInputEvents = YES;
				INFOPLIST_KEY_UILaunchStoryboardName = LaunchScreen;
				INFOPLIST_KEY_UIMainStoryboardFile = Main;
				INFOPLIST_KEY_UISupportedInterfaceOrientations_iPad = "UIInterfaceOrientationPortrait UIInterfaceOrientationPortraitUpsideDown UIInterfaceOrientationLandscapeLeft UIInterfaceOrientationLandscapeRight";
				INFOPLIST_KEY_UISupportedInterfaceOrientations_iPhone = "UIInterfaceOrientationPortrait UIInterfaceOrientationLandscapeLeft UIInterfaceOrientationLandscapeRight";
				LD_RUNPATH_SEARCH_PATHS = (
					"$(inherited)",
					"@executable_path/Frameworks",
				);
				MARKETING_VERSION = 1.0;
				PRODUCT_BUNDLE_IDENTIFIER = "KhoiKB.CICD-Learn";
				PRODUCT_NAME = "$(TARGET_NAME)";
				SWIFT_EMIT_LOC_STRINGS = YES;
				SWIFT_VERSION = 5.0;
				TARGETED_DEVICE_FAMILY = "1,2";
			};
			name = Debug;
		};
		7C9A99EB29D6955B00D3A150 /* Release */ = {
			isa = XCBuildConfiguration;
			baseConfigurationReference = 4BEA2159DB0EC6180C6F1544 /* Pods-CICD_Learn.release.xcconfig */;
			buildSettings = {
				ASSETCATALOG_COMPILER_APPICON_NAME = AppIcon;
				ASSETCATALOG_COMPILER_GLOBAL_ACCENT_COLOR_NAME = AccentColor;
				CODE_SIGN_STYLE = Automatic;
				CURRENT_PROJECT_VERSION = 1;
				DEVELOPMENT_TEAM = Z38Z99NKQG;
				GENERATE_INFOPLIST_FILE = YES;
				INFOPLIST_FILE = CICD_Learn/Info.plist;
				INFOPLIST_KEY_UIApplicationSupportsIndirectInputEvents = YES;
				INFOPLIST_KEY_UILaunchStoryboardName = LaunchScreen;
				INFOPLIST_KEY_UIMainStoryboardFile = Main;
				INFOPLIST_KEY_UISupportedInterfaceOrientations_iPad = "UIInterfaceOrientationPortrait UIInterfaceOrientationPortraitUpsideDown UIInterfaceOrientationLandscapeLeft UIInterfaceOrientationLandscapeRight";
				INFOPLIST_KEY_UISupportedInterfaceOrientations_iPhone = "UIInterfaceOrientationPortrait UIInterfaceOrientationLandscapeLeft UIInterfaceOrientationLandscapeRight";
				LD_RUNPATH_SEARCH_PATHS = (
					"$(inherited)",
					"@executable_path/Frameworks",
				);
				MARKETING_VERSION = 1.0;
				PRODUCT_BUNDLE_IDENTIFIER = "KhoiKB.CICD-Learn";
				PRODUCT_NAME = "$(TARGET_NAME)";
				SWIFT_EMIT_LOC_STRINGS = YES;
				SWIFT_VERSION = 5.0;
				TARGETED_DEVICE_FAMILY = "1,2";
			};
			name = Release;
		};
		7C9A99ED29D6955B00D3A150 /* Debug */ = {
			isa = XCBuildConfiguration;
			baseConfigurationReference = AD271BC64A497E392BA3E6A2 /* Pods-CICD_LearnTests.debug.xcconfig */;
			buildSettings = {
				ALWAYS_EMBED_SWIFT_STANDARD_LIBRARIES = YES;
				BUNDLE_LOADER = "$(TEST_HOST)";
				CODE_SIGN_STYLE = Automatic;
				CURRENT_PROJECT_VERSION = 1;
				DEVELOPMENT_TEAM = Z38Z99NKQG;
				GENERATE_INFOPLIST_FILE = YES;
				IPHONEOS_DEPLOYMENT_TARGET = 16.0;
				MARKETING_VERSION = 1.0;
				PRODUCT_BUNDLE_IDENTIFIER = "KhoiKB.CICD-LearnTests";
				PRODUCT_NAME = "$(TARGET_NAME)";
				SWIFT_EMIT_LOC_STRINGS = NO;
				SWIFT_VERSION = 5.0;
				TARGETED_DEVICE_FAMILY = "1,2";
				TEST_HOST = "$(BUILT_PRODUCTS_DIR)/CICD_Learn.app/$(BUNDLE_EXECUTABLE_FOLDER_PATH)/CICD_Learn";
			};
			name = Debug;
		};
		7C9A99EE29D6955B00D3A150 /* Release */ = {
			isa = XCBuildConfiguration;
			baseConfigurationReference = EB0CD8E638F15024EBD8443B /* Pods-CICD_LearnTests.release.xcconfig */;
			buildSettings = {
				ALWAYS_EMBED_SWIFT_STANDARD_LIBRARIES = YES;
				BUNDLE_LOADER = "$(TEST_HOST)";
				CODE_SIGN_STYLE = Automatic;
				CURRENT_PROJECT_VERSION = 1;
				DEVELOPMENT_TEAM = Z38Z99NKQG;
				GENERATE_INFOPLIST_FILE = YES;
				IPHONEOS_DEPLOYMENT_TARGET = 16.0;
				MARKETING_VERSION = 1.0;
				PRODUCT_BUNDLE_IDENTIFIER = "KhoiKB.CICD-LearnTests";
				PRODUCT_NAME = "$(TARGET_NAME)";
				SWIFT_EMIT_LOC_STRINGS = NO;
				SWIFT_VERSION = 5.0;
				TARGETED_DEVICE_FAMILY = "1,2";
				TEST_HOST = "$(BUILT_PRODUCTS_DIR)/CICD_Learn.app/$(BUNDLE_EXECUTABLE_FOLDER_PATH)/CICD_Learn";
			};
			name = Release;
		};
		7C9A99F029D6955B00D3A150 /* Debug */ = {
			isa = XCBuildConfiguration;
			baseConfigurationReference = 880CFF66034A1384EFE78EB8 /* Pods-CICD_Learn-CICD_LearnUITests.debug.xcconfig */;
			buildSettings = {
				ALWAYS_EMBED_SWIFT_STANDARD_LIBRARIES = YES;
				CODE_SIGN_STYLE = Automatic;
				CURRENT_PROJECT_VERSION = 1;
				DEVELOPMENT_TEAM = Z38Z99NKQG;
				GENERATE_INFOPLIST_FILE = YES;
				MARKETING_VERSION = 1.0;
				PRODUCT_BUNDLE_IDENTIFIER = "KhoiKB.CICD-LearnUITests";
				PRODUCT_NAME = "$(TARGET_NAME)";
				SWIFT_EMIT_LOC_STRINGS = NO;
				SWIFT_VERSION = 5.0;
				TARGETED_DEVICE_FAMILY = "1,2";
				TEST_TARGET_NAME = CICD_Learn;
			};
			name = Debug;
		};
		7C9A99F129D6955B00D3A150 /* Release */ = {
			isa = XCBuildConfiguration;
			baseConfigurationReference = 3C585D3FA90AEDAFE4C6D02C /* Pods-CICD_Learn-CICD_LearnUITests.release.xcconfig */;
			buildSettings = {
				ALWAYS_EMBED_SWIFT_STANDARD_LIBRARIES = YES;
				CODE_SIGN_STYLE = Automatic;
				CURRENT_PROJECT_VERSION = 1;
				DEVELOPMENT_TEAM = Z38Z99NKQG;
				GENERATE_INFOPLIST_FILE = YES;
				MARKETING_VERSION = 1.0;
				PRODUCT_BUNDLE_IDENTIFIER = "KhoiKB.CICD-LearnUITests";
				PRODUCT_NAME = "$(TARGET_NAME)";
				SWIFT_EMIT_LOC_STRINGS = NO;
				SWIFT_VERSION = 5.0;
				TARGETED_DEVICE_FAMILY = "1,2";
				TEST_TARGET_NAME = CICD_Learn;
			};
			name = Release;
		};
/* End XCBuildConfiguration section */

/* Begin XCConfigurationList section */
		7C9A99BA29D6955A00D3A150 /* Build configuration list for PBXProject "CICD_Learn" */ = {
			isa = XCConfigurationList;
			buildConfigurations = (
				7C9A99E729D6955B00D3A150 /* Debug */,
				7C9A99E829D6955B00D3A150 /* Release */,
			);
			defaultConfigurationIsVisible = 0;
			defaultConfigurationName = Release;
		};
		7C9A99E929D6955B00D3A150 /* Build configuration list for PBXNativeTarget "CICD_Learn" */ = {
			isa = XCConfigurationList;
			buildConfigurations = (
				7C9A99EA29D6955B00D3A150 /* Debug */,
				7C9A99EB29D6955B00D3A150 /* Release */,
			);
			defaultConfigurationIsVisible = 0;
			defaultConfigurationName = Release;
		};
		7C9A99EC29D6955B00D3A150 /* Build configuration list for PBXNativeTarget "CICD_LearnTests" */ = {
			isa = XCConfigurationList;
			buildConfigurations = (
				7C9A99ED29D6955B00D3A150 /* Debug */,
				7C9A99EE29D6955B00D3A150 /* Release */,
			);
			defaultConfigurationIsVisible = 0;
			defaultConfigurationName = Release;
		};
		7C9A99EF29D6955B00D3A150 /* Build configuration list for PBXNativeTarget "CICD_LearnUITests" */ = {
			isa = XCConfigurationList;
			buildConfigurations = (
				7C9A99F029D6955B00D3A150 /* Debug */,
				7C9A99F129D6955B00D3A150 /* Release */,
			);
			defaultConfigurationIsVisible = 0;
			defaultConfigurationName = Release;
		};
/* End XCConfigurationList section */
	};
	rootObject = 7C9A99B729D6955A00D3A150 /* Project object */;
}
